{
  "lockfileVersion": 2,
  "configVersion": 1,
  "workspaces": {
    "": {
      "name": "xiangying-notes",
      "dependencies": {
        "@modelcontextprotocol/server": "^2.1.0",
        "@tiptap/core": "^3.31.3",
        "@tiptap/extension-code-block": "^3.31.3",
        "@tiptap/extension-link": "^3.31.3",
        "@tiptap/extension-placeholder": "^3.31.3",
        "@tiptap/extension-table": "^3.31.3",
        "@tiptap/extension-task-item": "^3.31.3",
        "@tiptap/extension-task-list": "^3.31.3",
        "@tiptap/markdown": "^3.31.3",
        "@tiptap/pm": "^3.31.3",
        "@tiptap/react": "^3.31.3",
        "@tiptap/starter-kit": "^3.31.3",
        "@tiptap/suggestion": "^3.31.3",
        "html2canvas": "^1.4.1",
        "lucide-react": "^1.43.0",
        "marked": "^17.0.6",
        "react": "^19.3.0",
        "react-dom": "^19.3.0",
        "react-router": "^8.3.1",
        "zod": "^4.6.5",
      },
      "devDependencies": {
        "@types/bun": "^1.4.2",
        "@types/react": "^19.2.18",
        "@types/react-dom": "^19.2.7",
      },
    },
  },
  "overrides": {
    "bun-types": "1.4.3",
  },
  "packages": {
    "@floating-ui/core": ["@floating-ui/core@1.8.0", "", { "dependencies": { "@floating-ui/utils": "^0.2.12" } }, "sha512-0CIZ5itps/8x7BG8dEIhs53BvCUH2PCoogtakwRTut+Arm58sJooJ0AuZhLw2HJYIR5cMLNPBSS728sPho2khQ=="],

    "@floating-ui/dom": ["@floating-ui/dom@1.8.0", "", { "dependencies": { "@floating-ui/core": "^1.8.0", "@floating-ui/utils": "^0.2.12" } }, "sha512-yXSrzeHZBTZadLOlfyhCkJHNeLJnHRnRInwdZ40L7ZiaAtrBwoYlsDrX3v5zB1Utk7CLfzcOVnVVWoXEky7Ceg=="],

    "@floating-ui/utils": ["@floating-ui/utils@0.2.12", "", {}, "sha512-HpCo8tmWzLVad5s2d19EhAz5zqrrQ6s69qd6moPMQvkOuSwDT1YgRfWSVuc4ennqrgv3OHppiOGMQ7oC13yIww=="],

    "@modelcontextprotocol/core": ["@modelcontextprotocol/core@2.1.0", "", { "dependencies": { "zod": "^4.2.0" } }, "sha512-YdFj5gMRHr0gYNAhTbQDgjLHiEJdIAUYxomhKseUNye7ZGlISQmUoLh2sveFFCiQ7j2YMffT1kgSND0FSfIFjQ=="],

    "@modelcontextprotocol/server": ["@modelcontextprotocol/server@2.1.0", "", { "dependencies": { "@modelcontextprotocol/core": "2.1.0", "zod": "^4.2.0" } }, "sha512-FdvwZU5N03O77Suh35JqjAqq5R1ZTEPFtwu6N4BgBq28qrQtrCnpbLL5U2pwYCuE194jAw0xnlOVmIqhfoYuUQ=="],

    "@tiptap/core": ["@tiptap/core@3.31.3", "", { "peerDependencies": { "@tiptap/pm": "3.31.3" } }, "sha512-Cz50pvciQrxdSxgTkHOVz0uD0Yl/8Xt0QatGD6ILm47jW8EzyHR9RkUGs/D5IqzXKuVPntfw1ttaT926vXfiRg=="],

    "@tiptap/extension-blockquote": ["@tiptap/extension-blockquote@3.31.3", "", { "peerDependencies": { "@tiptap/core": "3.31.3", "@tiptap/pm": "3.31.3" } }, "sha512-fyY2XMbyDDDfOTQ1Qdrnqa1qwC9DWE4n7AfE0EKQI0G8MfLV8RaDlLDcOZDJ9JbMPY7/Gx7EjyK4NKxSW9n2hQ=="],

    "@tiptap/extension-bold": ["@tiptap/extension-bold@3.31.3", "", { "peerDependencies": { "@tiptap/core": "3.31.3" } }, "sha512-dIuYhKk8TitKU/FeDpoTeWZhU42YgDN5npgWNjAmMmRktPdoxnH3/wGSiwXlqZgJWjehN7kPWDePWpJeAImGpQ=="],

    "@tiptap/extension-bubble-menu": ["@tiptap/extension-bubble-menu@3.31.3", "", { "dependencies": { "@floating-ui/dom": "^1.0.0" }, "peerDependencies": { "@tiptap/core": "3.31.3", "@tiptap/pm": "3.31.3" } }, "sha512-EV6ZnwKc++2OM/OcD54n8s1B7C9LP7GKAtdEPwu0t3BYJf3sG8Ueoinf7SgGPO9oMPg96GneOkDNm1urMV167g=="],

    "@tiptap/extension-bullet-list": ["@tiptap/extension-bullet-list@3.31.3", "", { "peerDependencies": { "@tiptap/extension-list": "3.31.3" } }, "sha512-qEyyoPapPef4LO8XKaN83bxtaNzkJ4kFn/IxLnEKd4BJ3Mvi4MH2yJYlyDqwFnMoev4pMA1zBHRAt/C0THRmZw=="],

    "@tiptap/extension-code": ["@tiptap/extension-code@3.31.3", "", { "peerDependencies": { "@tiptap/core": "3.31.3" } }, "sha512-SzxOqchrD2AcN3uT67PjKmRFEMOU3vNNiwNaamZJUbZrI6Hmy+bvdHJrc3jrIddyyCrAtsnAfRI0cmorW1jGfg=="],

    "@tiptap/extension-code-block": ["@tiptap/extension-code-block@3.31.3", "", { "peerDependencies": { "@tiptap/core": "3.31.3", "@tiptap/pm": "3.31.3" } }, "sha512-nvknt4FhyJQjYcvxptmeUlFsIAc8ibua3E5BN4Pim374/9RWepH4cdE9X0/qUTtguHElLx0iKtSIY3rW2qGTFA=="],

    "@tiptap/extension-document": ["@tiptap/extension-document@3.31.3", "", { "peerDependencies": { "@tiptap/core": "3.31.3" } }, "sha512-EexgmqnyDNyGlISxo7SMrp5MygpJYmqD+0cY5jB6L1U6L4CpKKRWUt8OO1sWzEHDE1+TTvwt+WIFoIWAziOtEA=="],

    "@tiptap/extension-dropcursor": ["@tiptap/extension-dropcursor@3.31.3", "", { "peerDependencies": { "@tiptap/extensions": "3.31.3" } }, "sha512-NWomSfu5CSC7VacnMSDzKT8qm66SzMfZwVPEtwY5bPpRTJgTiT1rNK0neDrrzfMN27MfylGyKWWf7Q5Qf8w/fg=="],

    "@tiptap/extension-floating-menu": ["@tiptap/extension-floating-menu@3.31.3", "", { "peerDependencies": { "@floating-ui/dom": "^1.0.0", "@tiptap/core": "3.31.3", "@tiptap/pm": "3.31.3" } }, "sha512-rd4VJ9PGSP9Eop8ZTEwaLZcMzMXLuJKe3hUNf58rq+zANpwM+9fI+vB7g9MAc3eXwUNDxNDVACFIL2oeBqpQ3A=="],

    "@tiptap/extension-gapcursor": ["@tiptap/extension-gapcursor@3.31.3", "", { "peerDependencies": { "@tiptap/extensions": "3.31.3" } }, "sha512-EBXKb1FrVStsNYCcRGtd9jmzveCvR+eqgg1rVqoONrqFK6U7bga6LN+1dMKroP1kliDVgveYkP3vRYxqw+rFqg=="],

    "@tiptap/extension-hard-break": ["@tiptap/extension-hard-break@3.31.3", "", { "peerDependencies": { "@tiptap/core": "3.31.3" } }, "sha512-QAdCvNO4+yW9ATwsrej11NTkDYFqPLIEQr3ARNrKOK1qaiS7A0fia2SEukb/hrkP3A6mbozhoQt2r2RGUf/DpQ=="],

    "@tiptap/extension-heading": ["@tiptap/extension-heading@3.31.3", "", { "peerDependencies": { "@tiptap/core": "3.31.3" } }, "sha512-rk5VHMAeQcg06SLauN6EGdD2jc0O2qY8QkZYPd0LxNvLblw2BxBx+lxUQSYwLAT9Ie5914gKIK2YbRyO2Ts3ig=="],

    "@tiptap/extension-horizontal-rule": ["@tiptap/extension-horizontal-rule@3.31.3", "", { "peerDependencies": { "@tiptap/core": "3.31.3", "@tiptap/pm": "3.31.3" } }, "sha512-YnHGy2KShRwvCseAmmxl9VP7R0qaj8QMp3DA6DJWZqp7r5gLGvDkAqhedxqqefqsE4Y43hjkBdjtB9Ce78LkIw=="],

    "@tiptap/extension-italic": ["@tiptap/extension-italic@3.31.3", "", { "peerDependencies": { "@tiptap/core": "3.31.3" } }, "sha512-ibGvdvAPyfxBMUVNRI43eb9h2/Jka1MRG5GtnGqbcCX/2+Y/y0EOfFrPQPkuYphiWQYyu9+FzPKMB/pjuaLuKQ=="],

    "@tiptap/extension-link": ["@tiptap/extension-link@3.31.3", "", { "dependencies": { "linkifyjs": "^4.3.3" }, "peerDependencies": { "@tiptap/core": "3.31.3", "@tiptap/pm": "3.31.3" } }, "sha512-986wOQzTL9Zr5lf84LCLpm+YOms8A0K39/8DVoqRfebqcOe0/eq4bnztmAlfabOd+kJY92g3AgZERFUx/w+dcw=="],

    "@tiptap/extension-list": ["@tiptap/extension-list@3.31.3", "", { "peerDependencies": { "@tiptap/core": "3.31.3", "@tiptap/pm": "3.31.3" } }, "sha512-LoveGnC0FVdCV4jUNBaG1ZA+KWE07+adzV3kGy6uUYFcJEjbVUHTnPDrBOob3IwOSO3sCwIkvQb6EVYeXn/4yg=="],

    "@tiptap/extension-list-item": ["@tiptap/extension-list-item@3.31.3", "", { "peerDependencies": { "@tiptap/extension-list": "3.31.3" } }, "sha512-4QlKOriJJMvg95QJTEsy9BUYPBQ6UvJyb8WURRwdUtQUkkqb8h32lg/eyQUv2FzW9IT1AdUyNZfVaxH64kRfQA=="],

    "@tiptap/extension-list-keymap": ["@tiptap/extension-list-keymap@3.31.3", "", { "peerDependencies": { "@tiptap/extension-list": "3.31.3" } }, "sha512-If8UOEdDZbPJU6iYTvLtH6DOp2KBy6BKxg9UELL1AevVetGHEF/7lW8hP50Gn1tHMVpPRqmhSzVrJRpEJJgb/Q=="],

    "@tiptap/extension-ordered-list": ["@tiptap/extension-ordered-list@3.31.3", "", { "peerDependencies": { "@tiptap/extension-list": "3.31.3" } }, "sha512-mp3g11NgA/PYu8rj7J7Ez3l4qBy6WfTSmHIG4PZvEGG5w2oUAIkgb9DU7nPPzjmeme27oazFYZw+AtZA0+u4tw=="],

    "@tiptap/extension-paragraph": ["@tiptap/extension-paragraph@3.31.3", "", { "peerDependencies": { "@tiptap/core": "3.31.3" } }, "sha512-+iPku7wJfy5hbNDNLX8dveFtYVsZMmh7vztjuq8hT3mipSC4IByDehDbU8fzUCjfXiEzmI7mQn7c8LGmHULuzA=="],

    "@tiptap/extension-placeholder": ["@tiptap/extension-placeholder@3.31.3", "", { "peerDependencies": { "@tiptap/extensions": "3.31.3" } }, "sha512-9jYtR8ELEw7GVaruyrm4oFkPcjig9Q+crc+dpmarhBNXUmxagCdlhVzNwCJ2WJRzvBAtx59sEYqNTU38Wx8S3A=="],

    "@tiptap/extension-strike": ["@tiptap/extension-strike@3.31.3", "", { "peerDependencies": { "@tiptap/core": "3.31.3" } }, "sha512-G29bhKttYwcKHT+BI6emWVFol3RO/gUXxQVcmr/iT8LXXy7j8J6HFUnsKM+Kg5YlP1rxMRgsa65dbrQVahZi0A=="],

    "@tiptap/extension-table": ["@tiptap/extension-table@3.31.3", "", { "peerDependencies": { "@tiptap/core": "3.31.3", "@tiptap/pm": "3.31.3" } }, "sha512-7cnVPHhdiGGeauYqca6JVyPLTqZbqFEEk9nn2e2E8+fBo6zVtV07AktJBqth/XEzjZxcUmGxjoeuWYAisWjUHg=="],

    "@tiptap/extension-task-item": ["@tiptap/extension-task-item@3.31.3", "", { "peerDependencies": { "@tiptap/extension-list": "3.31.3" } }, "sha512-gCWvvXsCzi9tVFXPqKlkbU81XxtIdfjGy7FM9QFRKiWAvq5uv+Q5nvwrCyMVyP4bA7zRGWFaPzwjL68djgzoBw=="],

    "@tiptap/extension-task-list": ["@tiptap/extension-task-list@3.31.3", "", { "peerDependencies": { "@tiptap/extension-list": "3.31.3" } }, "sha512-3WgVzmfEnDbmxbjUBlvTiKpT53KSBnnYhXUVQxM0nz1vpoWG8QifhsnCVsNI6TZmhgR0x/jY+UW9Hc/WLF8DkQ=="],

    "@tiptap/extension-text": ["@tiptap/extension-text@3.31.3", "", { "peerDependencies": { "@tiptap/core": "3.31.3" } }, "sha512-gdsWtF+taeaCu6V+5Ct10fGo0ACUy1GnYtbb+mcathBt8OqbT+Ws60p/yEmKesBDz2Hn+B5IcWy6+2BBZl5ZTg=="],

    "@tiptap/extension-underline": ["@tiptap/extension-underline@3.31.3", "", { "peerDependencies": { "@tiptap/core": "3.31.3" } }, "sha512-HghdJaOwRqYzsAxqSyNyb+IWyOMcdCl8IoiBETA9BZCJAqdXzFLcuWp7CqCqJPam9dgkWosSoHqTCAO4nTBfpw=="],

    "@tiptap/extensions": ["@tiptap/extensions@3.31.3", "", { "peerDependencies": { "@tiptap/core": "3.31.3", "@tiptap/pm": "3.31.3" } }, "sha512-8sJNPGGUe8f3aDojcOW5cfVL7I5NrBbE0UWxG08qoi9Tea6qWbvQJsCR9tsrOapr/DaLr3kpbGZ9s1gEEfcNcA=="],

    "@tiptap/markdown": ["@tiptap/markdown@3.31.3", "", { "dependencies": { "marked": "^17.0.1" }, "peerDependencies": { "@tiptap/core": "3.31.3", "@tiptap/pm": "3.31.3" } }, "sha512-rBbYSxasseUoaBo15C8Yoaqafo7mJJzxwAwV9Z1OpLBvOroW9nQ0EbOdqaSYRw3/d9pP71B/3LNSzKyfyy+dpQ=="],

    "@tiptap/pm": ["@tiptap/pm@3.31.3", "", { "dependencies": { "prosemirror-changeset": "^2.4.1", "prosemirror-commands": "^1.7.1", "prosemirror-dropcursor": "^1.8.2", "prosemirror-gapcursor": "^1.4.1", "prosemirror-history": "^1.5.0", "prosemirror-inputrules": "^1.5.1", "prosemirror-keymap": "^1.2.3", "prosemirror-model": "^1.25.11", "prosemirror-schema-list": "^1.5.1", "prosemirror-state": "^1.4.4", "prosemirror-tables": "^1.8.5", "prosemirror-transform": "^1.12.0", "prosemirror-view": "^1.42.3" } }, "sha512-sZime0SWsz/k62W2WvHx5Ig7G2h7kVhrrmnqy+wEgIHfDwEfOlelRjaWCiBCFlF7dxGUntJusCh9FxlLhni0Ag=="],

    "@tiptap/react": ["@tiptap/react@3.31.3", "", { "dependencies": { "@types/use-sync-external-store": "^0.0.6", "fast-equals": "^5.3.3", "use-sync-external-store": "^1.4.0" }, "optionalDependencies": { "@tiptap/extension-bubble-menu": "^3.31.3", "@tiptap/extension-floating-menu": "^3.31.3" }, "peerDependencies": { "@tiptap/core": "3.31.3", "@tiptap/pm": "3.31.3", "@types/react": "^17.0.0 || ^18.0.0 || ^19.0.0", "@types/react-dom": "^17.0.0 || ^18.0.0 || ^19.0.0", "react": "^17.0.0 || ^18.0.0 || ^19.0.0", "react-dom": "^17.0.0 || ^18.0.0 || ^19.0.0" } }, "sha512-QiwQqvaLFLm5EMFu5tg7nAgXJxCUiUTLD8EsK+TqVV5P4bqOoMOCM39khbhXTJyahCuYpiFWx5YOSDtC/JiPtg=="],

    "@tiptap/starter-kit": ["@tiptap/starter-kit@3.31.3", "", { "dependencies": { "@tiptap/core": "3.31.3", "@tiptap/extension-blockquote": "3.31.3", "@tiptap/extension-bold": "3.31.3", "@tiptap/extension-bullet-list": "3.31.3", "@tiptap/extension-code": "3.31.3", "@tiptap/extension-code-block": "3.31.3", "@tiptap/extension-document": "3.31.3", "@tiptap/extension-dropcursor": "3.31.3", "@tiptap/extension-gapcursor": "3.31.3", "@tiptap/extension-hard-break": "3.31.3", "@tiptap/extension-heading": "3.31.3", "@tiptap/extension-horizontal-rule": "3.31.3", "@tiptap/extension-italic": "3.31.3", "@tiptap/extension-link": "3.31.3", "@tiptap/extension-list": "3.31.3", "@tiptap/extension-list-item": "3.31.3", "@tiptap/extension-list-keymap": "3.31.3", "@tiptap/extension-ordered-list": "3.31.3", "@tiptap/extension-paragraph": "3.31.3", "@tiptap/extension-strike": "3.31.3", "@tiptap/extension-text": "3.31.3", "@tiptap/extension-underline": "3.31.3", "@tiptap/extensions": "3.31.3", "@tiptap/pm": "3.31.3" } }, "sha512-WKof9RewdmGHvWJ1wn0/HVNG2mV+HOgVRyJkKekuM9fgr6BZAAH/xZsWE1eon+94JnQ+KtK2ThydXQM/qc6b2A=="],

    "@tiptap/suggestion": ["@tiptap/suggestion@3.31.3", "", { "peerDependencies": { "@floating-ui/dom": "^1.0.0", "@tiptap/core": "3.31.3", "@tiptap/pm": "3.31.3" } }, "sha512-z1OQ/Yx6seMZehi1AcmNkyJ8qkHQzybArmCyRdmreS4YL9C4bPMBe5lbMfFsArYs+KD5JyHwps5j7J/YE5BIuw=="],

    "@types/bun": ["@types/bun@1.4.2", "", { "dependencies": { "bun-types": "1.4.2" } }, "sha512-GimotNn7+ZV0uVArItBbriZsR1oNf0+WTzPkdcFrzShI7k2norL0uzEaJT8T33dWr7O/c9ZDuAFQrctKCi72oQ=="],

    "@types/node": ["@types/node@22.20.2", "", { "dependencies": { "undici-types": "~6.21.0" } }, "sha512-xlvWf4Vs9n1PEVYwP1n4vvG07M6y8WgvJ2t0vbrWTmijsIHp1cS+uJ2kMIRdY3nHZK0nCYKrPeD171+SzF4/zw=="],

    "@types/react": ["@types/react@19.2.18", "", { "dependencies": { "csstype": "^3.2.2" } }, "sha512-AnzbBERsrLKtk2XSfTbYRLjQPdy116Sty4q+T+Bp3IC4l6jNBvreVPAHmpq9qhXQM7CXZPjLVmGMw9sy+hxQ3w=="],

    "@types/react-dom": ["@types/react-dom@19.2.7", "", { "peerDependencies": { "@types/react": "^19.2.0" } }, "sha512-I8bPpDLcHBv1qiIiXDCy71Rt8eQDKJP0sMSWJphDdAcdqiJ1sGpZamavoEIRZmYzjia9LuEb2HlYdDpmoENpvQ=="],

    "@types/use-sync-external-store": ["@types/use-sync-external-store@0.0.6", "", {}, "sha512-zFDAD+tlpf2r4asuHEj0XH6pY6i0g5NeAHPn+15wk3BV6JA69eERFXC1gyGThDkVa1zCyKr5jox1+2LbV/AMLg=="],

    "base64-arraybuffer": ["base64-arraybuffer@1.0.2", "", {}, "sha512-I3yl4r9QB5ZRY3XuJVEPfc2XhZO6YweFPI+UovAzn+8/hb3oJ6lnysaFcjVpkCPfVWFUDvoZ8kmVDP7WyRtYtQ=="],

    "bun-types": ["bun-types@1.4.3", "", { "dependencies": { "@types/node": "*", "undici-types": "*" } }, "sha512-tinRJNGOmUN+tEAsn2y2e942n9JHRHR42iUYzDH75NmhJqVBokGSQkkfSFdNWwsANIdrK6ACH9t01M452YyTwg=="],

    "cookie-es": ["cookie-es@3.1.1", "", {}, "sha512-UaXxwISYJPTr9hwQxMFYZ7kNhSXboMXP+Z3TRX6f1/NyaGPfuNUZOWP1pUEb75B2HjfklIYLVRfWiFZJyC6Npg=="],

    "css-line-break": ["css-line-break@2.1.0", "", { "dependencies": { "utrie": "^1.0.2" } }, "sha512-FHcKFCZcAha3LwfVBhCQbW2nCNbkZXn7KVUJcsT5/P8YmfsVja0FMPJr0B903j/E69HUphKiV9iQArX8SDYA4w=="],

    "csstype": ["csstype@3.2.3", "", {}, "sha512-z1HGKcYy2xA8AGQfwrn0PAy+PB7X/GSj3UVJW9qKyn43xWa+gl5nXmU4qqLMRzWVLFC8KusUX8T/0kCiOYpAIQ=="],

    "fast-equals": ["fast-equals@5.4.2", "", {}, "sha512-Ywe6jodPTWOTL9/k0bV7gdfP8twKL5Y8I8CZ933fAY5gBekICZSUQTbyH6ut2NZCNyB05mSUwAuEqdEIaOOlDQ=="],

    "html2canvas": ["html2canvas@1.4.1", "", { "dependencies": { "css-line-break": "^2.1.0", "text-segmentation": "^1.0.3" } }, "sha512-fPU6BHNpsyIhr8yyMpTLLxAbkaK8ArIBcmZIRiBLiDhjeqvXolaEmDGmELFuX9I4xDcaKKcJl+TKZLqruBbmWA=="],

    "linkifyjs": ["linkifyjs@4.3.3", "", {}, "sha512-P8aEP5U/D1/IlTY2OeYsErdwh9bGuLE30NcXtKEjgdHcahveQoQwM2yZNsioQHsWFz0P7KKudisbrzCgR0sDHg=="],

    "lucide-react": ["lucide-react@1.43.0", "", { "peerDependencies": { "react": "^16.5.1 || ^17.0.0 || ^18.0.0 || ^19.0.0" } }, "sha512-ubtnda1fVK5ky0PNEpOmB0wiwhpZUyJiol4K14KCm+QKvuCkfUu54Et/rIjyupJpwiJ5Hg+BLQE86/GEsS+IgQ=="],

    "marked": ["marked@17.0.6", "", { "bin": { "marked": "bin/marked.js" } }, "sha512-gB0gkNafnonOw0obSTEGZTT86IuhILt2Wfx0mWH/1Au83kybTayroZ/V6nS25mN7u8ASy+5fMhgB3XPNrOZdmA=="],

    "orderedmap": ["orderedmap@2.1.1", "", {}, "sha512-TvAWxi0nDe1j/rtMcWcIj94+Ffe6n7zhow33h40SKxmsmozs6dz/e+EajymfoFcHd7sxNn8yHM8839uixMOV6g=="],

    "prosemirror-changeset": ["prosemirror-changeset@2.4.2", "", { "dependencies": { "prosemirror-transform": "^1.0.0" } }, "sha512-ViYrjMSg3YFiXwIhKaluu+/mi3Yrxt6AR8ri14ulTaGcZtXO1CThl7A2gv79qx5fQnOw8woKwyBU2u+9PVCm3w=="],

    "prosemirror-commands": ["prosemirror-commands@1.7.2", "", { "dependencies": { "prosemirror-model": "^1.0.0", "prosemirror-state": "^1.0.0", "prosemirror-transform": "^1.10.2" } }, "sha512-q6Q6szxqdu9Xd6EcdKsqXghu5nQdZTpB4Q9yd04WRc7/jt763e/rT60Owh0L1GYY+T46o5rD+9lEN36dZS43tw=="],

    "prosemirror-dropcursor": ["prosemirror-dropcursor@1.8.3", "", { "dependencies": { "prosemirror-state": "^1.0.0", "prosemirror-transform": "^1.1.0", "prosemirror-view": "^1.1.0" } }, "sha512-FoYbsJR8gK+DGlqhNoE29Loa38eIZPzQRIb1VMaDNBoo4OLP6vVof/jR8qFY/6XvUd6Dhug8MDCHl2a/h8RTfQ=="],

    "prosemirror-gapcursor": ["prosemirror-gapcursor@1.4.1", "", { "dependencies": { "prosemirror-keymap": "^1.0.0", "prosemirror-model": "^1.0.0", "prosemirror-state": "^1.0.0", "prosemirror-view": "^1.0.0" } }, "sha512-pMdYaEnjNMSwl11yjEGtgTmLkR08m/Vl+Jj443167p9eB3HVQKhYCc4gmHVDsLPODfZfjr/MmirsdyZziXbQKw=="],

    "prosemirror-history": ["prosemirror-history@1.5.0", "", { "dependencies": { "prosemirror-state": "^1.2.2", "prosemirror-transform": "^1.0.0", "prosemirror-view": "^1.31.0", "rope-sequence": "^1.3.0" } }, "sha512-zlzTiH01eKA55UAf1MEjtssJeHnGxO0j4K4Dpx+gnmX9n+SHNlDqI2oO1Kv1iPN5B1dm5fsljCfqKF9nFL6HRg=="],

    "prosemirror-inputrules": ["prosemirror-inputrules@1.5.1", "", { "dependencies": { "prosemirror-state": "^1.0.0", "prosemirror-transform": "^1.0.0" } }, "sha512-7wj4uMjKaXWAQ1CDgxNzNtR9AlsuwzHfdFH1ygEHA2KHF2DOEaXl1CJfNPAKCg9qNEh4rum975QLaCiQPyY6Fw=="],

    "prosemirror-keymap": ["prosemirror-keymap@1.2.3", "", { "dependencies": { "prosemirror-state": "^1.0.0", "w3c-keyname": "^2.2.0" } }, "sha512-4HucRlpiLd1IPQQXNqeo81BGtkY8Ai5smHhKW9jjPKRc2wQIxksg7Hl1tTI2IfT2B/LgX6bfYvXxEpJl7aKYKw=="],

    "prosemirror-model": ["prosemirror-model@1.25.11", "", { "dependencies": { "orderedmap": "^2.0.0" } }, "sha512-QWg9RhnpLlogAmp3p96uEFrE5txQpFynd4vhBAELkwgOCWQs/X0yCzB3/hrHqiPwf91RG5KyWq6553zs9JqIOQ=="],

    "prosemirror-schema-list": ["prosemirror-schema-list@1.5.1", "", { "dependencies": { "prosemirror-model": "^1.0.0", "prosemirror-state": "^1.0.0", "prosemirror-transform": "^1.7.3" } }, "sha512-927lFx/uwyQaGwJxLWCZRkjXG0p48KpMj6ueoYiu4JX05GGuGcgzAy62dfiV8eFZftgyBUvLx76RsMe20fJl+Q=="],

    "prosemirror-state": ["prosemirror-state@1.4.4", "", { "dependencies": { "prosemirror-model": "^1.0.0", "prosemirror-transform": "^1.0.0", "prosemirror-view": "^1.27.0" } }, "sha512-6jiYHH2CIGbCfnxdHbXZ12gySFY/fz/ulZE333G6bPqIZ4F+TXo9ifiR86nAHpWnfoNjOb3o5ESi7J8Uz1jXHw=="],

    "prosemirror-tables": ["prosemirror-tables@1.8.5", "", { "dependencies": { "prosemirror-keymap": "^1.2.3", "prosemirror-model": "^1.25.4", "prosemirror-state": "^1.4.4", "prosemirror-transform": "^1.10.5", "prosemirror-view": "^1.41.4" } }, "sha512-V/0cDCsHKHe/tfWkeCmthNUcEp1IVO3p6vwN8XtwE9PZQLAZJigbw3QoraAdfJPir4NKJtNvOB8oYGKRl+t0Dw=="],

    "prosemirror-transform": ["prosemirror-transform@1.12.1", "", { "dependencies": { "prosemirror-model": "^1.21.0" } }, "sha512-t4F5615FycnCqsX7ShTUs8+jfnwcf46kuFRvSl/3qFx2QTZ4DjgowesLHQXcFP7G//TjesqZG3WtgL7vdyVJyA=="],

    "prosemirror-view": ["prosemirror-view@1.42.3", "", { "dependencies": { "prosemirror-model": "^1.25.8", "prosemirror-state": "^1.0.0", "prosemirror-transform": "^1.1.0" } }, "sha512-oTN7EtH+CpwxU9NrwEYWd0UZ4JUx7l048l5A2Xppm4p/60isZYLnth9QVQmC3VRIvdrIWCxwZSd+Uz791G31/w=="],

    "react": ["react@19.3.0", "", {}, "sha512-E8LUcbtBWt20bbl2YoHfx4ZDBdxVTfOKtCZn9cDSJ4l6/nuoApcpIBcj47t2wZoVX8g2ZHuMHbiShgCR1T5Sog=="],

    "react-dom": ["react-dom@19.3.0", "", { "dependencies": { "scheduler": "^0.28.0" }, "peerDependencies": { "react": "^19.3.0" } }, "sha512-JDk8dgif51OjFoDE70+OT9ICyYr+69HlmihNwp1+Nsfbna3t5sIiCa9ZJktDmQ4/1b/rn26hIAR2uYXDMr5r0Q=="],

    "react-router": ["react-router@8.3.1", "", { "dependencies": { "cookie-es": "^3.1.1" }, "peerDependencies": { "react": ">=19.2.7", "react-dom": ">=19.2.7" }, "optionalPeers": ["react-dom"] }, "sha512-TEOpiO2g0TJHEOJeRVv4amUFun9v1npCKszvcquNvzETUtJ8udV86ah5eFoHT7g26bsBvT6EiIhqulR8eDF++A=="],

    "rope-sequence": ["rope-sequence@1.3.4", "", {}, "sha512-UT5EDe2cu2E/6O4igUr5PSFs23nvvukicWHx6GnOPlHAiiYbzNuCRQCuiUdHJQcqKalLKlrYJnjY0ySGsXNQXQ=="],

    "scheduler": ["scheduler@0.28.0", "", {}, "sha512-juorfCmIkIw8tT+p5BXSm6PJjQF/ycEYmKyzURCIt/RaZIhL+PulbQ9Yu2z1HdOJDdqDTlxA1+xKBmHXJsczAw=="],

    "text-segmentation": ["text-segmentation@1.0.3", "", { "dependencies": { "utrie": "^1.0.2" } }, "sha512-iOiPUo/BGnZ6+54OsWxZidGCsdU8YbE4PSpdPinp7DeMtUJNJBoJ/ouUSTJjHkh1KntHaltHl/gDs2FC4i5+Nw=="],

    "undici-types": ["undici-types@6.21.0", "", {}, "sha512-iwDZqg0QAGrg9Rav5H4n0M64c3mkR59cJ6wQp+7C4nI0gsmExaedaYLNO44eT4AtBBwjbTiGPMlt2Md0T9H9JQ=="],

    "use-sync-external-store": ["use-sync-external-store@1.6.0", "", { "peerDependencies": { "react": "^16.8.0 || ^17.0.0 || ^18.0.0 || ^19.0.0" } }, "sha512-Pp6GSwGP/NrPIrxVFAIkOQeyw8lFenOHijQWkUTrDvrF4ALqylP2C/KCkeS9dpUM3KvYRQhna5vt7IL95+ZQ9w=="],

    "utrie": ["utrie@1.0.2", "", { "dependencies": { "base64-arraybuffer": "^1.0.2" } }, "sha512-1MLa5ouZiOmQzUbjbu9VmjLzn1QLXBhwpUa7kdLUQK+KQ5KA9I1vk5U4YHe/X2Ch7PYnJfWuWT+VbuxbGwljhw=="],

    "w3c-keyname": ["w3c-keyname@2.2.8", "", {}, "sha512-dpojBhNsCNN7T82Tm7k26A6G9ML3NkhDsnw9n/eoxSRlVBB4CEtIQ/KTCLI2Fwf3ataSXRhYFkQi3SlnFwPvPQ=="],

    "zod": ["zod@4.6.5", "", {}, "sha512-v5l/aFXZQeai4awLbOpSoHecE9UiMrnfx75tEXLjNonXVARxQ5mOeipTjROUchszUNCqnE+hqAMujRsRHsut2Q=="],
  }
}
